
Microsoft Visual Studio Solution File, Format Version 11.00
# Visual Studio 2010
Project("{2150E333-8FDC-42A3-9474-1A3956D46DE8}") = "Ares", "Ares", "{072AF192-F758-411C-8104-FB0AA8348275}"
EndProject
Project("{FAE04EC0-301F-11D3-BF4B-00C04F79EFBC}") = "Opsins.Library", "Opsins.Library\Opsins.Library.csproj", "{200A9B08-76A1-4B57-8BF9-6F76841A1E23}"
EndProject
Project("{2150E333-8FDC-42A3-9474-1A3956D46DE8}") = "Test", "Test", "{6CA68621-FA8D-48A5-BC7B-F91D557437E5}"
EndProject
Project("{2150E333-8FDC-42A3-9474-1A3956D46DE8}") = "Code", "Code", "{CCB64DE7-A1C9-4977-AEA8-240E948CC818}"
EndProject
Project("{FAE04EC0-301F-11D3-BF4B-00C04F79EFBC}") = "Opsins.Library.Tests", "Opsins.Library.Tests\Opsins.Library.Tests.csproj", "{1BDE4A28-0C50-4655-A0CE-1CD1F57DCBE6}"
EndProject
Project("{2150E333-8FDC-42A3-9474-1A3956D46DE8}") = "Solution Items", "Solution Items", "{D0AF2DA0-47B1-47FD-9FA9-2843FD50D01D}"
	ProjectSection(SolutionItems) = preProject
		Local.testsettings = Local.testsettings
		Opsins.vsmdi = Opsins.vsmdi
		TraceAndTestImpact.testsettings = TraceAndTestImpact.testsettings
	EndProjectSection
EndProject
Project("{FAE04EC0-301F-11D3-BF4B-00C04F79EFBC}") = "Opsins.Infra", "Opsins.Infra\Opsins.Infra.csproj", "{3E3526A5-8C29-4E71-800C-8BAFEA1F27A6}"
EndProject
Project("{2150E333-8FDC-42A3-9474-1A3956D46DE8}") = "Web", "Web", "{4019ACC3-8AAE-40C9-9FA3-2BD32953A678}"
EndProject
Project("{FAE04EC0-301F-11D3-BF4B-00C04F79EFBC}") = "Opsins.CMS.Web", "Opsins.CMS.Web\Opsins.CMS.Web.csproj", "{BB82DBD6-D630-4B25-BEE6-E35766C8305C}"
EndProject
Project("{2150E333-8FDC-42A3-9474-1A3956D46DE8}") = "CMS", "CMS", "{A20AD95F-D262-47DF-90B6-8796C959EFE7}"
EndProject
Project("{2150E333-8FDC-42A3-9474-1A3956D46DE8}") = "Core", "Core", "{89466220-3E2D-495B-B2ED-7BC41E39B369}"
EndProject
Project("{FAE04EC0-301F-11D3-BF4B-00C04F79EFBC}") = "Opsins.CMS.Core", "Opsins.CMS.Core\Opsins.CMS.Core.csproj", "{C85BC7DC-6A25-45D8-BB44-ECD81019FBBD}"
EndProject
Global
	GlobalSection(TestCaseManagementSettings) = postSolution
		CategoryFile = Opsins.vsmdi
	EndGlobalSection
	GlobalSection(SolutionConfigurationPlatforms) = preSolution
		Debug|Any CPU = Debug|Any CPU
		Release|Any CPU = Release|Any CPU
	EndGlobalSection
	GlobalSection(ProjectConfigurationPlatforms) = postSolution
		{200A9B08-76A1-4B57-8BF9-6F76841A1E23}.Debug|Any CPU.ActiveCfg = Debug|Any CPU
		{200A9B08-76A1-4B57-8BF9-6F76841A1E23}.Debug|Any CPU.Build.0 = Debug|Any CPU
		{200A9B08-76A1-4B57-8BF9-6F76841A1E23}.Release|Any CPU.ActiveCfg = Release|Any CPU
		{200A9B08-76A1-4B57-8BF9-6F76841A1E23}.Release|Any CPU.Build.0 = Release|Any CPU
		{1BDE4A28-0C50-4655-A0CE-1CD1F57DCBE6}.Debug|Any CPU.ActiveCfg = Debug|Any CPU
		{1BDE4A28-0C50-4655-A0CE-1CD1F57DCBE6}.Debug|Any CPU.Build.0 = Debug|Any CPU
		{1BDE4A28-0C50-4655-A0CE-1CD1F57DCBE6}.Release|Any CPU.ActiveCfg = Release|Any CPU
		{1BDE4A28-0C50-4655-A0CE-1CD1F57DCBE6}.Release|Any CPU.Build.0 = Release|Any CPU
		{3E3526A5-8C29-4E71-800C-8BAFEA1F27A6}.Debug|Any CPU.ActiveCfg = Debug|Any CPU
		{3E3526A5-8C29-4E71-800C-8BAFEA1F27A6}.Debug|Any CPU.Build.0 = Debug|Any CPU
		{3E3526A5-8C29-4E71-800C-8BAFEA1F27A6}.Release|Any CPU.ActiveCfg = Release|Any CPU
		{3E3526A5-8C29-4E71-800C-8BAFEA1F27A6}.Release|Any CPU.Build.0 = Release|Any CPU
		{BB82DBD6-D630-4B25-BEE6-E35766C8305C}.Debug|Any CPU.ActiveCfg = Debug|Any CPU
		{BB82DBD6-D630-4B25-BEE6-E35766C8305C}.Debug|Any CPU.Build.0 = Debug|Any CPU
		{BB82DBD6-D630-4B25-BEE6-E35766C8305C}.Release|Any CPU.ActiveCfg = Release|Any CPU
		{BB82DBD6-D630-4B25-BEE6-E35766C8305C}.Release|Any CPU.Build.0 = Release|Any CPU
		{C85BC7DC-6A25-45D8-BB44-ECD81019FBBD}.Debug|Any CPU.ActiveCfg = Debug|Any CPU
		{C85BC7DC-6A25-45D8-BB44-ECD81019FBBD}.Debug|Any CPU.Build.0 = Debug|Any CPU
		{C85BC7DC-6A25-45D8-BB44-ECD81019FBBD}.Release|Any CPU.ActiveCfg = Release|Any CPU
		{C85BC7DC-6A25-45D8-BB44-ECD81019FBBD}.Release|Any CPU.Build.0 = Release|Any CPU
	EndGlobalSection
	GlobalSection(SolutionProperties) = preSolution
		HideSolutionNode = FALSE
	EndGlobalSection
	GlobalSection(NestedProjects) = preSolution
		{CCB64DE7-A1C9-4977-AEA8-240E948CC818} = {072AF192-F758-411C-8104-FB0AA8348275}
		{6CA68621-FA8D-48A5-BC7B-F91D557437E5} = {072AF192-F758-411C-8104-FB0AA8348275}
		{200A9B08-76A1-4B57-8BF9-6F76841A1E23} = {CCB64DE7-A1C9-4977-AEA8-240E948CC818}
		{3E3526A5-8C29-4E71-800C-8BAFEA1F27A6} = {CCB64DE7-A1C9-4977-AEA8-240E948CC818}
		{1BDE4A28-0C50-4655-A0CE-1CD1F57DCBE6} = {6CA68621-FA8D-48A5-BC7B-F91D557437E5}
		{D0AF2DA0-47B1-47FD-9FA9-2843FD50D01D} = {6CA68621-FA8D-48A5-BC7B-F91D557437E5}
		{BB82DBD6-D630-4B25-BEE6-E35766C8305C} = {4019ACC3-8AAE-40C9-9FA3-2BD32953A678}
		{4019ACC3-8AAE-40C9-9FA3-2BD32953A678} = {A20AD95F-D262-47DF-90B6-8796C959EFE7}
		{89466220-3E2D-495B-B2ED-7BC41E39B369} = {A20AD95F-D262-47DF-90B6-8796C959EFE7}
		{C85BC7DC-6A25-45D8-BB44-ECD81019FBBD} = {89466220-3E2D-495B-B2ED-7BC41E39B369}
	EndGlobalSection
EndGlobal
